
Microsoft Visual Studio Solution File, Format Version 12.00
# Visual Studio Version 16
VisualStudioVersion = 16.0.29326.143
MinimumVisualStudioVersion = 10.0.40219.1
Project("{FAE04EC0-301F-11D3-BF4B-00C04F79EFBC}") = "DelegateBasicExample", "DelegateBasicExample\DelegateBasicExample.csproj", "{587F689F-C21E-439B-9ED6-6259B494165F}"
EndProject
Global
	GlobalSection(SolutionConfigurationPlatforms) = preSolution
		Debug|Any CPU = Debug|Any CPU
		Release|Any CPU = Release|Any CPU
	EndGlobalSection
	GlobalSection(ProjectConfigurationPlatforms) = postSolution
		{587F689F-C21E-439B-9ED6-6259B494165F}.Debug|Any CPU.ActiveCfg = Debug|Any CPU
		{587F689F-C21E-439B-9ED6-6259B494165F}.Debug|Any CPU.Build.0 = Debug|Any CPU
		{587F689F-C21E-439B-9ED6-6259B494165F}.Release|Any CPU.ActiveCfg = Release|Any CPU
		{587F689F-C21E-439B-9ED6-6259B494165F}.Release|Any CPU.Build.0 = Release|Any CPU
	EndGlobalSection
	GlobalSection(SolutionProperties) = preSolution
		HideSolutionNode = FALSE
	EndGlobalSection
	GlobalSection(ExtensibilityGlobals) = postSolution
		SolutionGuid = {E02ABEFE-D262-44A0-A4A5-1F3B5FF32D84}
	EndGlobalSection
EndGlobal
